
Microsoft Visual Studio Solution File, Format Version 12.00
# Visual Studio Version 17
VisualStudioVersion = 17.10.35004.147
MinimumVisualStudioVersion = 10.0.40219.1
Project("{9A19103F-16F7-4668-BE54-9A1E7A4F7556}") = "Domain", "DataLayer\Domain.csproj", "{0C6A187F-57D3-4059-A9DF-4CB371B59DE1}"
EndProject
Project("{9A19103F-16F7-4668-BE54-9A1E7A4F7556}") = "MoviesProj", "MoviesProj\MoviesProj.csproj", "{549F4AC2-4CBF-4341-907B-FDA6C507804E}"
EndProject
Project("{FAE04EC0-301F-11D3-BF4B-00C04F79EFBC}") = "Infrastructure", "Infrastructure\Infrastructure.csproj", "{E5F7880C-DC2B-4BD0-A99E-F080468CF2B4}"
EndProject
Project("{FAE04EC0-301F-11D3-BF4B-00C04F79EFBC}") = "DomainShared", "DomainShared\DomainShared.csproj", "{B263432B-109F-4BA4-BA6D-C17A410DD872}"
EndProject
Project("{54435603-DBB4-11D2-8724-00A0C9A8B90C}") = "MySetup", "MySetup\MySetup.vdproj", "{11F6C294-5E51-4A56-A3B7-AB4BAC731D00}"
EndProject
Global
	GlobalSection(SolutionConfigurationPlatforms) = preSolution
		Debug|Any CPU = Debug|Any CPU
		Release|Any CPU = Release|Any CPU
	EndGlobalSection
	GlobalSection(ProjectConfigurationPlatforms) = postSolution
		{0C6A187F-57D3-4059-A9DF-4CB371B59DE1}.Debug|Any CPU.ActiveCfg = Debug|Any CPU
		{0C6A187F-57D3-4059-A9DF-4CB371B59DE1}.Debug|Any CPU.Build.0 = Debug|Any CPU
		{0C6A187F-57D3-4059-A9DF-4CB371B59DE1}.Release|Any CPU.ActiveCfg = Release|Any CPU
		{0C6A187F-57D3-4059-A9DF-4CB371B59DE1}.Release|Any CPU.Build.0 = Release|Any CPU
		{549F4AC2-4CBF-4341-907B-FDA6C507804E}.Debug|Any CPU.ActiveCfg = Debug|Any CPU
		{549F4AC2-4CBF-4341-907B-FDA6C507804E}.Debug|Any CPU.Build.0 = Debug|Any CPU
		{549F4AC2-4CBF-4341-907B-FDA6C507804E}.Release|Any CPU.ActiveCfg = Release|Any CPU
		{549F4AC2-4CBF-4341-907B-FDA6C507804E}.Release|Any CPU.Build.0 = Release|Any CPU
		{E5F7880C-DC2B-4BD0-A99E-F080468CF2B4}.Debug|Any CPU.ActiveCfg = Debug|Any CPU
		{E5F7880C-DC2B-4BD0-A99E-F080468CF2B4}.Debug|Any CPU.Build.0 = Debug|Any CPU
		{E5F7880C-DC2B-4BD0-A99E-F080468CF2B4}.Release|Any CPU.ActiveCfg = Release|Any CPU
		{E5F7880C-DC2B-4BD0-A99E-F080468CF2B4}.Release|Any CPU.Build.0 = Release|Any CPU
		{B263432B-109F-4BA4-BA6D-C17A410DD872}.Debug|Any CPU.ActiveCfg = Debug|Any CPU
		{B263432B-109F-4BA4-BA6D-C17A410DD872}.Debug|Any CPU.Build.0 = Debug|Any CPU
		{B263432B-109F-4BA4-BA6D-C17A410DD872}.Release|Any CPU.ActiveCfg = Release|Any CPU
		{B263432B-109F-4BA4-BA6D-C17A410DD872}.Release|Any CPU.Build.0 = Release|Any CPU
		{11F6C294-5E51-4A56-A3B7-AB4BAC731D00}.Debug|Any CPU.ActiveCfg = Debug
		{11F6C294-5E51-4A56-A3B7-AB4BAC731D00}.Debug|Any CPU.Build.0 = Debug
		{11F6C294-5E51-4A56-A3B7-AB4BAC731D00}.Release|Any CPU.ActiveCfg = Release
	EndGlobalSection
	GlobalSection(SolutionProperties) = preSolution
		HideSolutionNode = FALSE
	EndGlobalSection
	GlobalSection(ExtensibilityGlobals) = postSolution
		SolutionGuid = {119E1547-8688-43C2-99C1-F5B1ADB08FB4}
	EndGlobalSection
EndGlobal
